
Microsoft Visual Studio Solution File, Format Version 12.00
# Visual Studio Version 16
VisualStudioVersion = 16.0.32630.194
MinimumVisualStudioVersion = 10.0.40219.1
Project("{FAE04EC0-301F-11D3-BF4B-00C04F79EFBC}") = "API_Banco", "API_Banco\API_Banco.csproj", "{A0BF6CD9-F748-4CAA-9526-283FB8D61DF3}"
EndProject
Project("{FAE04EC0-301F-11D3-BF4B-00C04F79EFBC}") = "BancoTeste", "BancoTeste\BancoTeste.csproj", "{0E8F265F-16BE-47FC-8B56-1437E22FB01E}"
EndProject
Global
	GlobalSection(SolutionConfigurationPlatforms) = preSolution
		Debug|Any CPU = Debug|Any CPU
		Release|Any CPU = Release|Any CPU
	EndGlobalSection
	GlobalSection(ProjectConfigurationPlatforms) = postSolution
		{A0BF6CD9-F748-4CAA-9526-283FB8D61DF3}.Debug|Any CPU.ActiveCfg = Debug|Any CPU
		{A0BF6CD9-F748-4CAA-9526-283FB8D61DF3}.Debug|Any CPU.Build.0 = Debug|Any CPU
		{A0BF6CD9-F748-4CAA-9526-283FB8D61DF3}.Release|Any CPU.ActiveCfg = Release|Any CPU
		{A0BF6CD9-F748-4CAA-9526-283FB8D61DF3}.Release|Any CPU.Build.0 = Release|Any CPU
		{0E8F265F-16BE-47FC-8B56-1437E22FB01E}.Debug|Any CPU.ActiveCfg = Debug|Any CPU
		{0E8F265F-16BE-47FC-8B56-1437E22FB01E}.Debug|Any CPU.Build.0 = Debug|Any CPU
		{0E8F265F-16BE-47FC-8B56-1437E22FB01E}.Release|Any CPU.ActiveCfg = Release|Any CPU
		{0E8F265F-16BE-47FC-8B56-1437E22FB01E}.Release|Any CPU.Build.0 = Release|Any CPU
	EndGlobalSection
	GlobalSection(SolutionProperties) = preSolution
		HideSolutionNode = FALSE
	EndGlobalSection
	GlobalSection(ExtensibilityGlobals) = postSolution
		SolutionGuid = {66C3BA26-CBC0-4081-BBC5-34EB3F0E4BE7}
	EndGlobalSection
EndGlobal
